// !$*UTF8*$!
{
	archiveVersion = 1;
	classes = {
	};
	objectVersion = 60;
	objects = {

/* Begin PBXBuildFile section */
		BF1E05212BDD7445007D29B3 /* PopLottie in Frameworks */ = {isa = PBXBuildFile; productRef = BF1E05202BDD7445007D29B3 /* PopLottie */; };
		BF31632B2B828F2200D3B631 /* LottieMetaView.swift in Sources */ = {isa = PBXBuildFile; fileRef = BF31632A2B828F2200D3B631 /* LottieMetaView.swift */; };
		BF31632E2B829F2B00D3B631 /* Lottie in Frameworks */ = {isa = PBXBuildFile; productRef = BF31632D2B829F2B00D3B631 /* Lottie */; };
		BF4F409A2B9C951900DB6B1D /* ExampleAssets in Resources */ = {isa = PBXBuildFile; fileRef = BF4F40992B9C951900DB6B1D /* ExampleAssets */; };
		BF8861942B827F0200063CC0 /* PlottieApp.swift in Sources */ = {isa = PBXBuildFile; fileRef = BF8861932B827F0200063CC0 /* PlottieApp.swift */; };
		BF8861982B827F0200063CC0 /* Item.swift in Sources */ = {isa = PBXBuildFile; fileRef = BF8861972B827F0200063CC0 /* Item.swift */; };
		BF88619A2B827F0300063CC0 /* Assets.xcassets in Resources */ = {isa = PBXBuildFile; fileRef = BF8861992B827F0300063CC0 /* Assets.xcassets */; };
		BF88619F2B827F0300063CC0 /* Preview Assets.xcassets in Resources */ = {isa = PBXBuildFile; fileRef = BF88619E2B827F0300063CC0 /* Preview Assets.xcassets */; };
		BF8861A92B82899800063CC0 /* ContentView.swift in Sources */ = {isa = PBXBuildFile; fileRef = BF8861A82B82899800063CC0 /* ContentView.swift */; };
/* End PBXBuildFile section */

/* Begin PBXFileReference section */
		BF31632A2B828F2200D3B631 /* LottieMetaView.swift */ = {isa = PBXFileReference; fileEncoding = 4; lastKnownFileType = sourcecode.swift; path = LottieMetaView.swift; sourceTree = "<group>"; };
		BF4F40992B9C951900DB6B1D /* ExampleAssets */ = {isa = PBXFileReference; lastKnownFileType = folder; path = ExampleAssets; sourceTree = "<group>"; };
		BF8861902B827F0200063CC0 /* Plottie.app */ = {isa = PBXFileReference; explicitFileType = wrapper.application; includeInIndex = 0; path = Plottie.app; sourceTree = BUILT_PRODUCTS_DIR; };
		BF8861932B827F0200063CC0 /* PlottieApp.swift */ = {isa = PBXFileReference; lastKnownFileType = sourcecode.swift; path = PlottieApp.swift; sourceTree = "<group>"; };
		BF8861972B827F0200063CC0 /* Item.swift */ = {isa = PBXFileReference; lastKnownFileType = sourcecode.swift; path = Item.swift; sourceTree = "<group>"; };
		BF8861992B827F0300063CC0 /* Assets.xcassets */ = {isa = PBXFileReference; lastKnownFileType = folder.assetcatalog; path = Assets.xcassets; sourceTree = "<group>"; };
		BF88619B2B827F0300063CC0 /* Info.plist */ = {isa = PBXFileReference; lastKnownFileType = text.plist.xml; path = Info.plist; sourceTree = "<group>"; };
		BF88619C2B827F0300063CC0 /* Plottie.entitlements */ = {isa = PBXFileReference; lastKnownFileType = text.plist.entitlements; path = Plottie.entitlements; sourceTree = "<group>"; };
		BF88619E2B827F0300063CC0 /* Preview Assets.xcassets */ = {isa = PBXFileReference; lastKnownFileType = folder.assetcatalog; path = "Preview Assets.xcassets"; sourceTree = "<group>"; };
		BF8861A62B827F3500063CC0 /* App.xcconfig */ = {isa = PBXFileReference; lastKnownFileType = text.xcconfig; path = App.xcconfig; sourceTree = "<group>"; };
		BF8861A72B827F3500063CC0 /* Version.xcconfig */ = {isa = PBXFileReference; lastKnownFileType = text.xcconfig; path = Version.xcconfig; sourceTree = "<group>"; };
		BF8861A82B82899800063CC0 /* ContentView.swift */ = {isa = PBXFileReference; fileEncoding = 4; lastKnownFileType = sourcecode.swift; path = ContentView.swift; sourceTree = "<group>"; };
/* End PBXFileReference section */

/* Begin PBXFrameworksBuildPhase section */
		BF88618D2B827F0200063CC0 /* Frameworks */ = {
			isa = PBXFrameworksBuildPhase;
			buildActionMask = 2147483647;
			files = (
				BF31632E2B829F2B00D3B631 /* Lottie in Frameworks */,
				BF1E05212BDD7445007D29B3 /* PopLottie in Frameworks */,
			);
			runOnlyForDeploymentPostprocessing = 0;
		};
/* End PBXFrameworksBuildPhase section */

/* Begin PBXGroup section */
		BF8861872B827F0200063CC0 = {
			isa = PBXGroup;
			children = (
				BF4F40992B9C951900DB6B1D /* ExampleAssets */,
				BF8861922B827F0200063CC0 /* App */,
				BF8861912B827F0200063CC0 /* Products */,
				BF8861A52B827F1C00063CC0 /* Source */,
			);
			sourceTree = "<group>";
		};
		BF8861912B827F0200063CC0 /* Products */ = {
			isa = PBXGroup;
			children = (
				BF8861902B827F0200063CC0 /* Plottie.app */,
			);
			name = Products;
			sourceTree = "<group>";
		};
		BF8861922B827F0200063CC0 /* App */ = {
			isa = PBXGroup;
			children = (
				BF8861A62B827F3500063CC0 /* App.xcconfig */,
				BF8861A72B827F3500063CC0 /* Version.xcconfig */,
				BF8861992B827F0300063CC0 /* Assets.xcassets */,
				BF88619B2B827F0300063CC0 /* Info.plist */,
				BF88619C2B827F0300063CC0 /* Plottie.entitlements */,
				BF88619D2B827F0300063CC0 /* Preview Content */,
			);
			path = App;
			sourceTree = "<group>";
		};
		BF88619D2B827F0300063CC0 /* Preview Content */ = {
			isa = PBXGroup;
			children = (
				BF88619E2B827F0300063CC0 /* Preview Assets.xcassets */,
			);
			path = "Preview Content";
			sourceTree = "<group>";
		};
		BF8861A52B827F1C00063CC0 /* Source */ = {
			isa = PBXGroup;
			children = (
				BF31632A2B828F2200D3B631 /* LottieMetaView.swift */,
				BF8861A82B82899800063CC0 /* ContentView.swift */,
				BF8861972B827F0200063CC0 /* Item.swift */,
				BF8861932B827F0200063CC0 /* PlottieApp.swift */,
			);
			path = Source;
			sourceTree = "<group>";
		};
/* End PBXGroup section */

/* Begin PBXNativeTarget section */
		BF88618F2B827F0200063CC0 /* Plottie */ = {
			isa = PBXNativeTarget;
			buildConfigurationList = BF8861A22B827F0300063CC0 /* Build configuration list for PBXNativeTarget "Plottie" */;
			buildPhases = (
				BF88618C2B827F0200063CC0 /* Sources */,
				BF88618D2B827F0200063CC0 /* Frameworks */,
				BF88618E2B827F0200063CC0 /* Resources */,
			);
			buildRules = (
			);
			dependencies = (
			);
			name = Plottie;
			packageProductDependencies = (
				BF31632D2B829F2B00D3B631 /* Lottie */,
				BF1E05202BDD7445007D29B3 /* PopLottie */,
			);
			productName = Plottie;
			productReference = BF8861902B827F0200063CC0 /* Plottie.app */;
			productType = "com.apple.product-type.application";
		};
/* End PBXNativeTarget section */

/* Begin PBXProject section */
		BF8861882B827F0200063CC0 /* Project object */ = {
			isa = PBXProject;
			attributes = {
				BuildIndependentTargetsInParallel = 1;
				LastSwiftUpdateCheck = 1520;
				LastUpgradeCheck = 1520;
				TargetAttributes = {
					BF88618F2B827F0200063CC0 = {
						CreatedOnToolsVersion = 15.2;
					};
				};
			};
			buildConfigurationList = BF88618B2B827F0200063CC0 /* Build configuration list for PBXProject "Plottie" */;
			compatibilityVersion = "Xcode 14.0";
			developmentRegion = en;
			hasScannedForEncodings = 0;
			knownRegions = (
				en,
				Base,
			);
			mainGroup = BF8861872B827F0200063CC0;
			packageReferences = (
				BF31632C2B829F2B00D3B631 /* XCRemoteSwiftPackageReference "lottie-spm" */,
				BF1E051F2BDD7445007D29B3 /* XCLocalSwiftPackageReference "PopLottie.SwiftPackage" */,
			);
			productRefGroup = BF8861912B827F0200063CC0 /* Products */;
			projectDirPath = "";
			projectRoot = "";
			targets = (
				BF88618F2B827F0200063CC0 /* Plottie */,
			);
		};
/* End PBXProject section */

/* Begin PBXResourcesBuildPhase section */
		BF88618E2B827F0200063CC0 /* Resources */ = {
			isa = PBXResourcesBuildPhase;
			buildActionMask = 2147483647;
			files = (
				BF4F409A2B9C951900DB6B1D /* ExampleAssets in Resources */,
				BF88619F2B827F0300063CC0 /* Preview Assets.xcassets in Resources */,
				BF88619A2B827F0300063CC0 /* Assets.xcassets in Resources */,
			);
			runOnlyForDeploymentPostprocessing = 0;
		};
/* End PBXResourcesBuildPhase section */

/* Begin PBXSourcesBuildPhase section */
		BF88618C2B827F0200063CC0 /* Sources */ = {
			isa = PBXSourcesBuildPhase;
			buildActionMask = 2147483647;
			files = (
				BF8861982B827F0200063CC0 /* Item.swift in Sources */,
				BF8861A92B82899800063CC0 /* ContentView.swift in Sources */,
				BF31632B2B828F2200D3B631 /* LottieMetaView.swift in Sources */,
				BF8861942B827F0200063CC0 /* PlottieApp.swift in Sources */,
			);
			runOnlyForDeploymentPostprocessing = 0;
		};
/* End PBXSourcesBuildPhase section */

/* Begin XCBuildConfiguration section */
		BF8861A02B827F0300063CC0 /* Debug */ = {
			isa = XCBuildConfiguration;
			buildSettings = {
				ALWAYS_SEARCH_USER_PATHS = NO;
				ASSETCATALOG_COMPILER_GENERATE_SWIFT_ASSET_SYMBOL_EXTENSIONS = YES;
				CLANG_ANALYZER_NONNULL = YES;
				CLANG_ANALYZER_NUMBER_OBJECT_CONVERSION = YES_AGGRESSIVE;
				CLANG_CXX_LANGUAGE_STANDARD = "gnu++20";
				CLANG_ENABLE_MODULES = YES;
				CLANG_ENABLE_OBJC_ARC = YES;
				CLANG_ENABLE_OBJC_WEAK = YES;
				CLANG_WARN_BLOCK_CAPTURE_AUTORELEASING = YES;
				CLANG_WARN_BOOL_CONVERSION = YES;
				CLANG_WARN_COMMA = YES;
				CLANG_WARN_CONSTANT_CONVERSION = YES;
				CLANG_WARN_DEPRECATED_OBJC_IMPLEMENTATIONS = YES;
				CLANG_WARN_DIRECT_OBJC_ISA_USAGE = YES_ERROR;
				CLANG_WARN_DOCUMENTATION_COMMENTS = YES;
				CLANG_WARN_EMPTY_BODY = YES;
				CLANG_WARN_ENUM_CONVERSION = YES;
				CLANG_WARN_INFINITE_RECURSION = YES;
				CLANG_WARN_INT_CONVERSION = YES;
				CLANG_WARN_NON_LITERAL_NULL_CONVERSION = YES;
				CLANG_WARN_OBJC_IMPLICIT_RETAIN_SELF = YES;
				CLANG_WARN_OBJC_LITERAL_CONVERSION = YES;
				CLANG_WARN_OBJC_ROOT_CLASS = YES_ERROR;
				CLANG_WARN_QUOTED_INCLUDE_IN_FRAMEWORK_HEADER = YES;
				CLANG_WARN_RANGE_LOOP_ANALYSIS = YES;
				CLANG_WARN_STRICT_PROTOTYPES = YES;
				CLANG_WARN_SUSPICIOUS_MOVE = YES;
				CLANG_WARN_UNGUARDED_AVAILABILITY = YES_AGGRESSIVE;
				CLANG_WARN_UNREACHABLE_CODE = YES;
				CLANG_WARN__DUPLICATE_METHOD_MATCH = YES;
				DEBUG_INFORMATION_FORMAT = dwarf;
				ENABLE_STRICT_OBJC_MSGSEND = YES;
				ENABLE_TESTABILITY = YES;
				ENABLE_USER_SCRIPT_SANDBOXING = YES;
				GCC_C_LANGUAGE_STANDARD = gnu17;
				GCC_DYNAMIC_NO_PIC = NO;
				GCC_NO_COMMON_BLOCKS = YES;
				GCC_OPTIMIZATION_LEVEL = 0;
				GCC_PREPROCESSOR_DEFINITIONS = (
					"DEBUG=1",
					"$(inherited)",
				);
				GCC_WARN_64_TO_32_BIT_CONVERSION = YES;
				GCC_WARN_ABOUT_RETURN_TYPE = YES_ERROR;
				GCC_WARN_UNDECLARED_SELECTOR = YES;
				GCC_WARN_UNINITIALIZED_AUTOS = YES_AGGRESSIVE;
				GCC_WARN_UNUSED_FUNCTION = YES;
				GCC_WARN_UNUSED_VARIABLE = YES;
				LOCALIZATION_PREFERS_STRING_CATALOGS = YES;
				MTL_ENABLE_DEBUG_INFO = INCLUDE_SOURCE;
				MTL_FAST_MATH = YES;
				ONLY_ACTIVE_ARCH = YES;
				SWIFT_ACTIVE_COMPILATION_CONDITIONS = "DEBUG $(inherited)";
				SWIFT_OPTIMIZATION_LEVEL = "-Onone";
			};
			name = Debug;
		};
		BF8861A12B827F0300063CC0 /* Release */ = {
			isa = XCBuildConfiguration;
			buildSettings = {
				ALWAYS_SEARCH_USER_PATHS = NO;
				ASSETCATALOG_COMPILER_GENERATE_SWIFT_ASSET_SYMBOL_EXTENSIONS = YES;
				CLANG_ANALYZER_NONNULL = YES;
				CLANG_ANALYZER_NUMBER_OBJECT_CONVERSION = YES_AGGRESSIVE;
				CLANG_CXX_LANGUAGE_STANDARD = "gnu++20";
				CLANG_ENABLE_MODULES = YES;
				CLANG_ENABLE_OBJC_ARC = YES;
				CLANG_ENABLE_OBJC_WEAK = YES;
				CLANG_WARN_BLOCK_CAPTURE_AUTORELEASING = YES;
				CLANG_WARN_BOOL_CONVERSION = YES;
				CLANG_WARN_COMMA = YES;
				CLANG_WARN_CONSTANT_CONVERSION = YES;
				CLANG_WARN_DEPRECATED_OBJC_IMPLEMENTATIONS = YES;
				CLANG_WARN_DIRECT_OBJC_ISA_USAGE = YES_ERROR;
				CLANG_WARN_DOCUMENTATION_COMMENTS = YES;
				CLANG_WARN_EMPTY_BODY = YES;
				CLANG_WARN_ENUM_CONVERSION = YES;
				CLANG_WARN_INFINITE_RECURSION = YES;
				CLANG_WARN_INT_CONVERSION = YES;
				CLANG_WARN_NON_LITERAL_NULL_CONVERSION = YES;
				CLANG_WARN_OBJC_IMPLICIT_RETAIN_SELF = YES;
				CLANG_WARN_OBJC_LITERAL_CONVERSION = YES;
				CLANG_WARN_OBJC_ROOT_CLASS = YES_ERROR;
				CLANG_WARN_QUOTED_INCLUDE_IN_FRAMEWORK_HEADER = YES;
				CLANG_WARN_RANGE_LOOP_ANALYSIS = YES;
				CLANG_WARN_STRICT_PROTOTYPES = YES;
				CLANG_WARN_SUSPICIOUS_MOVE = YES;
				CLANG_WARN_UNGUARDED_AVAILABILITY = YES_AGGRESSIVE;
				CLANG_WARN_UNREACHABLE_CODE = YES;
				CLANG_WARN__DUPLICATE_METHOD_MATCH = YES;
				DEBUG_INFORMATION_FORMAT = "dwarf-with-dsym";
				ENABLE_NS_ASSERTIONS = NO;
				ENABLE_STRICT_OBJC_MSGSEND = YES;
				ENABLE_USER_SCRIPT_SANDBOXING = YES;
				GCC_C_LANGUAGE_STANDARD = gnu17;
				GCC_NO_COMMON_BLOCKS = YES;
				GCC_WARN_64_TO_32_BIT_CONVERSION = YES;
				GCC_WARN_ABOUT_RETURN_TYPE = YES_ERROR;
				GCC_WARN_UNDECLARED_SELECTOR = YES;
				GCC_WARN_UNINITIALIZED_AUTOS = YES_AGGRESSIVE;
				GCC_WARN_UNUSED_FUNCTION = YES;
				GCC_WARN_UNUSED_VARIABLE = YES;
				LOCALIZATION_PREFERS_STRING_CATALOGS = YES;
				MTL_ENABLE_DEBUG_INFO = NO;
				MTL_FAST_MATH = YES;
				SWIFT_COMPILATION_MODE = wholemodule;
			};
			name = Release;
		};
		BF8861A32B827F0300063CC0 /* Debug */ = {
			isa = XCBuildConfiguration;
			baseConfigurationReference = BF8861A62B827F3500063CC0 /* App.xcconfig */;
			buildSettings = {
				ASSETCATALOG_COMPILER_APPICON_NAME = AppIcon;
				ASSETCATALOG_COMPILER_GLOBAL_ACCENT_COLOR_NAME = AccentColor;
				CODE_SIGN_STYLE = Automatic;
				DEVELOPMENT_TEAM = X52DR36JY2;
				ENABLE_HARDENED_RUNTIME = YES;
				ENABLE_PREVIEWS = YES;
				GENERATE_INFOPLIST_FILE = YES;
				INFOPLIST_KEY_CFBundleDisplayName = Plottie;
				"INFOPLIST_KEY_UIApplicationSceneManifest_Generation[sdk=iphoneos*]" = YES;
				"INFOPLIST_KEY_UIApplicationSceneManifest_Generation[sdk=iphonesimulator*]" = YES;
				"INFOPLIST_KEY_UIApplicationSupportsIndirectInputEvents[sdk=iphoneos*]" = YES;
				"INFOPLIST_KEY_UIApplicationSupportsIndirectInputEvents[sdk=iphonesimulator*]" = YES;
				"INFOPLIST_KEY_UILaunchScreen_Generation[sdk=iphoneos*]" = YES;
				"INFOPLIST_KEY_UILaunchScreen_Generation[sdk=iphonesimulator*]" = YES;
				"INFOPLIST_KEY_UIStatusBarStyle[sdk=iphoneos*]" = UIStatusBarStyleDefault;
				"INFOPLIST_KEY_UIStatusBarStyle[sdk=iphonesimulator*]" = UIStatusBarStyleDefault;
				INFOPLIST_KEY_UISupportedInterfaceOrientations_iPad = "UIInterfaceOrientationPortrait UIInterfaceOrientationPortraitUpsideDown UIInterfaceOrientationLandscapeLeft UIInterfaceOrientationLandscapeRight";
				INFOPLIST_KEY_UISupportedInterfaceOrientations_iPhone = "UIInterfaceOrientationPortrait UIInterfaceOrientationLandscapeLeft UIInterfaceOrientationLandscapeRight";
				"INFOPLIST_KEY_UISupportsDocumentBrowser[sdk=iphoneos*]" = YES;
				"INFOPLIST_KEY_UISupportsDocumentBrowser[sdk=iphonesimulator*]" = YES;
				IPHONEOS_DEPLOYMENT_TARGET = 17.2;
				LD_RUNPATH_SEARCH_PATHS = "@executable_path/Frameworks";
				"LD_RUNPATH_SEARCH_PATHS[sdk=macosx*]" = "@executable_path/../Frameworks";
				MACOSX_DEPLOYMENT_TARGET = 14.0;
				SDKROOT = auto;
				SUPPORTED_PLATFORMS = "iphoneos iphonesimulator macosx";
				SWIFT_EMIT_LOC_STRINGS = YES;
				SWIFT_VERSION = 5.0;
				TARGETED_DEVICE_FAMILY = "1,2";
			};
			name = Debug;
		};
		BF8861A42B827F0300063CC0 /* Release */ = {
			isa = XCBuildConfiguration;
			baseConfigurationReference = BF8861A62B827F3500063CC0 /* App.xcconfig */;
			buildSettings = {
				ASSETCATALOG_COMPILER_APPICON_NAME = AppIcon;
				ASSETCATALOG_COMPILER_GLOBAL_ACCENT_COLOR_NAME = AccentColor;
				CODE_SIGN_STYLE = Automatic;
				DEVELOPMENT_TEAM = X52DR36JY2;
				ENABLE_HARDENED_RUNTIME = YES;
				ENABLE_PREVIEWS = YES;
				GENERATE_INFOPLIST_FILE = YES;
				INFOPLIST_KEY_CFBundleDisplayName = Plottie;
				"INFOPLIST_KEY_UIApplicationSceneManifest_Generation[sdk=iphoneos*]" = YES;
				"INFOPLIST_KEY_UIApplicationSceneManifest_Generation[sdk=iphonesimulator*]" = YES;
				"INFOPLIST_KEY_UIApplicationSupportsIndirectInputEvents[sdk=iphoneos*]" = YES;
				"INFOPLIST_KEY_UIApplicationSupportsIndirectInputEvents[sdk=iphonesimulator*]" = YES;
				"INFOPLIST_KEY_UILaunchScreen_Generation[sdk=iphoneos*]" = YES;
				"INFOPLIST_KEY_UILaunchScreen_Generation[sdk=iphonesimulator*]" = YES;
				"INFOPLIST_KEY_UIStatusBarStyle[sdk=iphoneos*]" = UIStatusBarStyleDefault;
				"INFOPLIST_KEY_UIStatusBarStyle[sdk=iphonesimulator*]" = UIStatusBarStyleDefault;
				INFOPLIST_KEY_UISupportedInterfaceOrientations_iPad = "UIInterfaceOrientationPortrait UIInterfaceOrientationPortraitUpsideDown UIInterfaceOrientationLandscapeLeft UIInterfaceOrientationLandscapeRight";
				INFOPLIST_KEY_UISupportedInterfaceOrientations_iPhone = "UIInterfaceOrientationPortrait UIInterfaceOrientationLandscapeLeft UIInterfaceOrientationLandscapeRight";
				"INFOPLIST_KEY_UISupportsDocumentBrowser[sdk=iphoneos*]" = YES;
				"INFOPLIST_KEY_UISupportsDocumentBrowser[sdk=iphonesimulator*]" = YES;
				IPHONEOS_DEPLOYMENT_TARGET = 17.2;
				LD_RUNPATH_SEARCH_PATHS = "@executable_path/Frameworks";
				"LD_RUNPATH_SEARCH_PATHS[sdk=macosx*]" = "@executable_path/../Frameworks";
				MACOSX_DEPLOYMENT_TARGET = 14.0;
				SDKROOT = auto;
				SUPPORTED_PLATFORMS = "iphoneos iphonesimulator macosx";
				SWIFT_EMIT_LOC_STRINGS = YES;
				SWIFT_VERSION = 5.0;
				TARGETED_DEVICE_FAMILY = "1,2";
			};
			name = Release;
		};
/* End XCBuildConfiguration section */

/* Begin XCConfigurationList section */
		BF88618B2B827F0200063CC0 /* Build configuration list for PBXProject "Plottie" */ = {
			isa = XCConfigurationList;
			buildConfigurations = (
				BF8861A02B827F0300063CC0 /* Debug */,
				BF8861A12B827F0300063CC0 /* Release */,
			);
			defaultConfigurationIsVisible = 0;
			defaultConfigurationName = Release;
		};
		BF8861A22B827F0300063CC0 /* Build configuration list for PBXNativeTarget "Plottie" */ = {
			isa = XCConfigurationList;
			buildConfigurations = (
				BF8861A32B827F0300063CC0 /* Debug */,
				BF8861A42B827F0300063CC0 /* Release */,
			);
			defaultConfigurationIsVisible = 0;
			defaultConfigurationName = Release;
		};
/* End XCConfigurationList section */

/* Begin XCLocalSwiftPackageReference section */
		BF1E051F2BDD7445007D29B3 /* XCLocalSwiftPackageReference "PopLottie.SwiftPackage" */ = {
			isa = XCLocalSwiftPackageReference;
			relativePath = PopLottie.SwiftPackage;
		};
/* End XCLocalSwiftPackageReference section */

/* Begin XCRemoteSwiftPackageReference section */
		BF31632C2B829F2B00D3B631 /* XCRemoteSwiftPackageReference "lottie-spm" */ = {
			isa = XCRemoteSwiftPackageReference;
			repositoryURL = "https://github.com/airbnb/lottie-spm.git";
			requirement = {
				kind = upToNextMajorVersion;
				minimumVersion = 4.4.0;
			};
		};
/* End XCRemoteSwiftPackageReference section */

/* Begin XCSwiftPackageProductDependency section */
		BF1E05202BDD7445007D29B3 /* PopLottie */ = {
			isa = XCSwiftPackageProductDependency;
			productName = PopLottie;
		};
		BF31632D2B829F2B00D3B631 /* Lottie */ = {
			isa = XCSwiftPackageProductDependency;
			package = BF31632C2B829F2B00D3B631 /* XCRemoteSwiftPackageReference "lottie-spm" */;
			productName = Lottie;
		};
/* End XCSwiftPackageProductDependency section */
	};
	rootObject = BF8861882B827F0200063CC0 /* Project object */;
}
